// !$*UTF8*$!
{
	archiveVersion = 1;
	classes = {
	};
	objectVersion = 55;
	objects = {

/* Begin PBXBuildFile section */
		45BEF83327A9A44E00A60E05 /* AppDelegate.swift in Sources */ = {isa = PBXBuildFile; fileRef = 45BEF83227A9A44E00A60E05 /* AppDelegate.swift */; };
		45BEF83527A9A44E00A60E05 /* SceneDelegate.swift in Sources */ = {isa = PBXBuildFile; fileRef = 45BEF83427A9A44E00A60E05 /* SceneDelegate.swift */; };
		45BEF83727A9A44E00A60E05 /* ViewController.swift in Sources */ = {isa = PBXBuildFile; fileRef = 45BEF83627A9A44E00A60E05 /* ViewController.swift */; };
		45BEF83A27A9A44E00A60E05 /* Main.storyboard in Resources */ = {isa = PBXBuildFile; fileRef = 45BEF83827A9A44E00A60E05 /* Main.storyboard */; };
		45BEF83C27A9A45000A60E05 /* Assets.xcassets in Resources */ = {isa = PBXBuildFile; fileRef = 45BEF83B27A9A45000A60E05 /* Assets.xcassets */; };
		45BEF83F27A9A45000A60E05 /* LaunchScreen.storyboard in Resources */ = {isa = PBXBuildFile; fileRef = 45BEF83D27A9A45000A60E05 /* LaunchScreen.storyboard */; };
		45BEF84A27A9A45000A60E05 /* ExiOSTests.swift in Sources */ = {isa = PBXBuildFile; fileRef = 45BEF84927A9A45000A60E05 /* ExiOSTests.swift */; };
		45BEF85427A9A45100A60E05 /* ExiOSUITests.swift in Sources */ = {isa = PBXBuildFile; fileRef = 45BEF85327A9A45100A60E05 /* ExiOSUITests.swift */; };
		45BEF85627A9A45100A60E05 /* ExiOSUITestsLaunchTests.swift in Sources */ = {isa = PBXBuildFile; fileRef = 45BEF85527A9A45100A60E05 /* ExiOSUITestsLaunchTests.swift */; };
		45BEF86327A9AC1200A60E05 /* GoogleService-Info.plist in Resources */ = {isa = PBXBuildFile; fileRef = 45BEF86227A9AC1200A60E05 /* GoogleService-Info.plist */; };
		45BEF86627A9AF9100A60E05 /* NameTableViewCell.swift in Sources */ = {isa = PBXBuildFile; fileRef = 45BEF86527A9AF9100A60E05 /* NameTableViewCell.swift */; };
		45BEF86927A9B41700A60E05 /* GeneralTableViewController.swift in Sources */ = {isa = PBXBuildFile; fileRef = 45BEF86827A9B41700A60E05 /* GeneralTableViewController.swift */; };
		45BEF86C27A9B96E00A60E05 /* CameraOptions.storyboard in Resources */ = {isa = PBXBuildFile; fileRef = 45BEF86B27A9B96E00A60E05 /* CameraOptions.storyboard */; };
		45BEF86E27A9BA8000A60E05 /* CameraOptionsViewController.swift in Sources */ = {isa = PBXBuildFile; fileRef = 45BEF86D27A9BA8000A60E05 /* CameraOptionsViewController.swift */; };
		45BEF87027A9BE6100A60E05 /* ImageTableViewCell.swift in Sources */ = {isa = PBXBuildFile; fileRef = 45BEF86F27A9BE6100A60E05 /* ImageTableViewCell.swift */; };
		45BEF87227A9FB3400A60E05 /* GraficaTableViewCell.swift in Sources */ = {isa = PBXBuildFile; fileRef = 45BEF87127A9FB3400A60E05 /* GraficaTableViewCell.swift */; };
		45BEF87527A9FEE900A60E05 /* Model.swift in Sources */ = {isa = PBXBuildFile; fileRef = 45BEF87427A9FEE900A60E05 /* Model.swift */; };
		45BEF87727AAE9F900A60E05 /* GraficasTableViewController.swift in Sources */ = {isa = PBXBuildFile; fileRef = 45BEF87627AAE9F900A60E05 /* GraficasTableViewController.swift */; };
		45BEF87927AAEC7200A60E05 /* PieChartTableViewCell.swift in Sources */ = {isa = PBXBuildFile; fileRef = 45BEF87827AAEC7200A60E05 /* PieChartTableViewCell.swift */; };
		45BEF87D27AB149500A60E05 /* lib.swift in Sources */ = {isa = PBXBuildFile; fileRef = 45BEF87C27AB149500A60E05 /* lib.swift */; };
		45BEF87F27AB425400A60E05 /* SendImageTableViewCell.swift in Sources */ = {isa = PBXBuildFile; fileRef = 45BEF87E27AB425400A60E05 /* SendImageTableViewCell.swift */; };
		4A7BD4EAED4ACC9223F17BE6 /* Pods_ExiOS_ExiOSUITests.framework in Frameworks */ = {isa = PBXBuildFile; fileRef = F68DF8F0E00D790945A53F5A /* Pods_ExiOS_ExiOSUITests.framework */; };
		5445693E071FB97E3F4BD28D /* Pods_ExiOS.framework in Frameworks */ = {isa = PBXBuildFile; fileRef = D63052D0B51ABD381498C794 /* Pods_ExiOS.framework */; };
		F6F41CB35C22CB41A4006E4B /* Pods_ExiOSTests.framework in Frameworks */ = {isa = PBXBuildFile; fileRef = 83D66AE91EFD953B6DEFCC25 /* Pods_ExiOSTests.framework */; };
/* End PBXBuildFile section */

/* Begin PBXContainerItemProxy section */
		45BEF84627A9A45000A60E05 /* PBXContainerItemProxy */ = {
			isa = PBXContainerItemProxy;
			containerPortal = 45BEF82727A9A44E00A60E05 /* Project object */;
			proxyType = 1;
			remoteGlobalIDString = 45BEF82E27A9A44E00A60E05;
			remoteInfo = ExiOS;
		};
		45BEF85027A9A45100A60E05 /* PBXContainerItemProxy */ = {
			isa = PBXContainerItemProxy;
			containerPortal = 45BEF82727A9A44E00A60E05 /* Project object */;
			proxyType = 1;
			remoteGlobalIDString = 45BEF82E27A9A44E00A60E05;
			remoteInfo = ExiOS;
		};
/* End PBXContainerItemProxy section */

/* Begin PBXFileReference section */
		3024DD144792D6BA8A7C62A8 /* Pods-ExiOS.release.xcconfig */ = {isa = PBXFileReference; includeInIndex = 1; lastKnownFileType = text.xcconfig; name = "Pods-ExiOS.release.xcconfig"; path = "Target Support Files/Pods-ExiOS/Pods-ExiOS.release.xcconfig"; sourceTree = "<group>"; };
		366828EB029FCB02CC2A7FCB /* Pods-ExiOS.debug.xcconfig */ = {isa = PBXFileReference; includeInIndex = 1; lastKnownFileType = text.xcconfig; name = "Pods-ExiOS.debug.xcconfig"; path = "Target Support Files/Pods-ExiOS/Pods-ExiOS.debug.xcconfig"; sourceTree = "<group>"; };
		45BEF82F27A9A44E00A60E05 /* ExiOS.app */ = {isa = PBXFileReference; explicitFileType = wrapper.application; includeInIndex = 0; path = ExiOS.app; sourceTree = BUILT_PRODUCTS_DIR; };
		45BEF83227A9A44E00A60E05 /* AppDelegate.swift */ = {isa = PBXFileReference; lastKnownFileType = sourcecode.swift; path = AppDelegate.swift; sourceTree = "<group>"; };
		45BEF83427A9A44E00A60E05 /* SceneDelegate.swift */ = {isa = PBXFileReference; lastKnownFileType = sourcecode.swift; path = SceneDelegate.swift; sourceTree = "<group>"; };
		45BEF83627A9A44E00A60E05 /* ViewController.swift */ = {isa = PBXFileReference; lastKnownFileType = sourcecode.swift; path = ViewController.swift; sourceTree = "<group>"; };
		45BEF83927A9A44E00A60E05 /* Base */ = {isa = PBXFileReference; lastKnownFileType = file.storyboard; name = Base; path = Base.lproj/Main.storyboard; sourceTree = "<group>"; };
		45BEF83B27A9A45000A60E05 /* Assets.xcassets */ = {isa = PBXFileReference; lastKnownFileType = folder.assetcatalog; path = Assets.xcassets; sourceTree = "<group>"; };
		45BEF83E27A9A45000A60E05 /* Base */ = {isa = PBXFileReference; lastKnownFileType = file.storyboard; name = Base; path = Base.lproj/LaunchScreen.storyboard; sourceTree = "<group>"; };
		45BEF84027A9A45000A60E05 /* Info.plist */ = {isa = PBXFileReference; lastKnownFileType = text.plist.xml; path = Info.plist; sourceTree = "<group>"; };
		45BEF84527A9A45000A60E05 /* ExiOSTests.xctest */ = {isa = PBXFileReference; explicitFileType = wrapper.cfbundle; includeInIndex = 0; path = ExiOSTests.xctest; sourceTree = BUILT_PRODUCTS_DIR; };
		45BEF84927A9A45000A60E05 /* ExiOSTests.swift */ = {isa = PBXFileReference; lastKnownFileType = sourcecode.swift; path = ExiOSTests.swift; sourceTree = "<group>"; };
		45BEF84F27A9A45100A60E05 /* ExiOSUITests.xctest */ = {isa = PBXFileReference; explicitFileType = wrapper.cfbundle; includeInIndex = 0; path = ExiOSUITests.xctest; sourceTree = BUILT_PRODUCTS_DIR; };
		45BEF85327A9A45100A60E05 /* ExiOSUITests.swift */ = {isa = PBXFileReference; lastKnownFileType = sourcecode.swift; path = ExiOSUITests.swift; sourceTree = "<group>"; };
		45BEF85527A9A45100A60E05 /* ExiOSUITestsLaunchTests.swift */ = {isa = PBXFileReference; lastKnownFileType = sourcecode.swift; path = ExiOSUITestsLaunchTests.swift; sourceTree = "<group>"; };
		45BEF86227A9AC1200A60E05 /* GoogleService-Info.plist */ = {isa = PBXFileReference; fileEncoding = 4; lastKnownFileType = text.plist.xml; path = "GoogleService-Info.plist"; sourceTree = "<group>"; };
		45BEF86527A9AF9100A60E05 /* NameTableViewCell.swift */ = {isa = PBXFileReference; lastKnownFileType = sourcecode.swift; path = NameTableViewCell.swift; sourceTree = "<group>"; };
		45BEF86827A9B41700A60E05 /* GeneralTableViewController.swift */ = {isa = PBXFileReference; lastKnownFileType = sourcecode.swift; path = GeneralTableViewController.swift; sourceTree = "<group>"; };
		45BEF86B27A9B96E00A60E05 /* CameraOptions.storyboard */ = {isa = PBXFileReference; lastKnownFileType = file.storyboard; path = CameraOptions.storyboard; sourceTree = "<group>"; };
		45BEF86D27A9BA8000A60E05 /* CameraOptionsViewController.swift */ = {isa = PBXFileReference; lastKnownFileType = sourcecode.swift; path = CameraOptionsViewController.swift; sourceTree = "<group>"; };
		45BEF86F27A9BE6100A60E05 /* ImageTableViewCell.swift */ = {isa = PBXFileReference; lastKnownFileType = sourcecode.swift; path = ImageTableViewCell.swift; sourceTree = "<group>"; };
		45BEF87127A9FB3400A60E05 /* GraficaTableViewCell.swift */ = {isa = PBXFileReference; lastKnownFileType = sourcecode.swift; path = GraficaTableViewCell.swift; sourceTree = "<group>"; };
		45BEF87427A9FEE900A60E05 /* Model.swift */ = {isa = PBXFileReference; lastKnownFileType = sourcecode.swift; path = Model.swift; sourceTree = "<group>"; };
		45BEF87627AAE9F900A60E05 /* GraficasTableViewController.swift */ = {isa = PBXFileReference; lastKnownFileType = sourcecode.swift; path = GraficasTableViewController.swift; sourceTree = "<group>"; };
		45BEF87827AAEC7200A60E05 /* PieChartTableViewCell.swift */ = {isa = PBXFileReference; lastKnownFileType = sourcecode.swift; path = PieChartTableViewCell.swift; sourceTree = "<group>"; };
		45BEF87C27AB149500A60E05 /* lib.swift */ = {isa = PBXFileReference; lastKnownFileType = sourcecode.swift; path = lib.swift; sourceTree = "<group>"; };
		45BEF87E27AB425400A60E05 /* SendImageTableViewCell.swift */ = {isa = PBXFileReference; lastKnownFileType = sourcecode.swift; path = SendImageTableViewCell.swift; sourceTree = "<group>"; };
		4A9BF4F8875D87C6AD9DC8F7 /* Pods-ExiOS-ExiOSUITests.release.xcconfig */ = {isa = PBXFileReference; includeInIndex = 1; lastKnownFileType = text.xcconfig; name = "Pods-ExiOS-ExiOSUITests.release.xcconfig"; path = "Target Support Files/Pods-ExiOS-ExiOSUITests/Pods-ExiOS-ExiOSUITests.release.xcconfig"; sourceTree = "<group>"; };
		5AD5B8A9101C23D0A6CDB9A9 /* Pods-ExiOS-ExiOSUITests.debug.xcconfig */ = {isa = PBXFileReference; includeInIndex = 1; lastKnownFileType = text.xcconfig; name = "Pods-ExiOS-ExiOSUITests.debug.xcconfig"; path = "Target Support Files/Pods-ExiOS-ExiOSUITests/Pods-ExiOS-ExiOSUITests.debug.xcconfig"; sourceTree = "<group>"; };
		83D66AE91EFD953B6DEFCC25 /* Pods_ExiOSTests.framework */ = {isa = PBXFileReference; explicitFileType = wrapper.framework; includeInIndex = 0; path = Pods_ExiOSTests.framework; sourceTree = BUILT_PRODUCTS_DIR; };
		A7A00A0CE8BBD3E3DAAB6A60 /* Pods-ExiOSTests.release.xcconfig */ = {isa = PBXFileReference; includeInIndex = 1; lastKnownFileType = text.xcconfig; name = "Pods-ExiOSTests.release.xcconfig"; path = "Target Support Files/Pods-ExiOSTests/Pods-ExiOSTests.release.xcconfig"; sourceTree = "<group>"; };
		C5DF36142090E268DFFD4EC5 /* Pods-ExiOSTests.debug.xcconfig */ = {isa = PBXFileReference; includeInIndex = 1; lastKnownFileType = text.xcconfig; name = "Pods-ExiOSTests.debug.xcconfig"; path = "Target Support Files/Pods-ExiOSTests/Pods-ExiOSTests.debug.xcconfig"; sourceTree = "<group>"; };
		D63052D0B51ABD381498C794 /* Pods_ExiOS.framework */ = {isa = PBXFileReference; explicitFileType = wrapper.framework; includeInIndex = 0; path = Pods_ExiOS.framework; sourceTree = BUILT_PRODUCTS_DIR; };
		F68DF8F0E00D790945A53F5A /* Pods_ExiOS_ExiOSUITests.framework */ = {isa = PBXFileReference; explicitFileType = wrapper.framework; includeInIndex = 0; path = Pods_ExiOS_ExiOSUITests.framework; sourceTree = BUILT_PRODUCTS_DIR; };
/* End PBXFileReference section */

/* Begin PBXFrameworksBuildPhase section */
		45BEF82C27A9A44E00A60E05 /* Frameworks */ = {
			isa = PBXFrameworksBuildPhase;
			buildActionMask = 2147483647;
			files = (
				5445693E071FB97E3F4BD28D /* Pods_ExiOS.framework in Frameworks */,
			);
			runOnlyForDeploymentPostprocessing = 0;
		};
		45BEF84227A9A45000A60E05 /* Frameworks */ = {
			isa = PBXFrameworksBuildPhase;
			buildActionMask = 2147483647;
			files = (
				F6F41CB35C22CB41A4006E4B /* Pods_ExiOSTests.framework in Frameworks */,
			);
			runOnlyForDeploymentPostprocessing = 0;
		};
		45BEF84C27A9A45100A60E05 /* Frameworks */ = {
			isa = PBXFrameworksBuildPhase;
			buildActionMask = 2147483647;
			files = (
				4A7BD4EAED4ACC9223F17BE6 /* Pods_ExiOS_ExiOSUITests.framework in Frameworks */,
			);
			runOnlyForDeploymentPostprocessing = 0;
		};
/* End PBXFrameworksBuildPhase section */

/* Begin PBXGroup section */
		45BEF82627A9A44E00A60E05 = {
			isa = PBXGroup;
			children = (
				45BEF83127A9A44E00A60E05 /* ExiOS */,
				45BEF84827A9A45000A60E05 /* ExiOSTests */,
				45BEF85227A9A45100A60E05 /* ExiOSUITests */,
				45BEF83027A9A44E00A60E05 /* Products */,
				506C7D057F7D09594253292C /* Pods */,
				54A15C7C942592F47DCC6BB9 /* Frameworks */,
			);
			sourceTree = "<group>";
		};
		45BEF83027A9A44E00A60E05 /* Products */ = {
			isa = PBXGroup;
			children = (
				45BEF82F27A9A44E00A60E05 /* ExiOS.app */,
				45BEF84527A9A45000A60E05 /* ExiOSTests.xctest */,
				45BEF84F27A9A45100A60E05 /* ExiOSUITests.xctest */,
			);
			name = Products;
			sourceTree = "<group>";
		};
		45BEF83127A9A44E00A60E05 /* ExiOS */ = {
			isa = PBXGroup;
			children = (
				45BEF87327A9FED100A60E05 /* models */,
				45BEF86A27A9B93400A60E05 /* aux */,
				45BEF86727A9B3F900A60E05 /* controllers */,
				45BEF86427A9AF6200A60E05 /* views */,
				45BEF83227A9A44E00A60E05 /* AppDelegate.swift */,
				45BEF83427A9A44E00A60E05 /* SceneDelegate.swift */,
				45BEF83627A9A44E00A60E05 /* ViewController.swift */,
				45BEF83827A9A44E00A60E05 /* Main.storyboard */,
				45BEF83B27A9A45000A60E05 /* Assets.xcassets */,
				45BEF83D27A9A45000A60E05 /* LaunchScreen.storyboard */,
				45BEF86227A9AC1200A60E05 /* GoogleService-Info.plist */,
				45BEF84027A9A45000A60E05 /* Info.plist */,
				45BEF87C27AB149500A60E05 /* lib.swift */,
			);
			path = ExiOS;
			sourceTree = "<group>";
		};
		45BEF84827A9A45000A60E05 /* ExiOSTests */ = {
			isa = PBXGroup;
			children = (
				45BEF84927A9A45000A60E05 /* ExiOSTests.swift */,
			);
			path = ExiOSTests;
			sourceTree = "<group>";
		};
		45BEF85227A9A45100A60E05 /* ExiOSUITests */ = {
			isa = PBXGroup;
			children = (
				45BEF85327A9A45100A60E05 /* ExiOSUITests.swift */,
				45BEF85527A9A45100A60E05 /* ExiOSUITestsLaunchTests.swift */,
			);
			path = ExiOSUITests;
			sourceTree = "<group>";
		};
		45BEF86427A9AF6200A60E05 /* views */ = {
			isa = PBXGroup;
			children = (
				45BEF86527A9AF9100A60E05 /* NameTableViewCell.swift */,
				45BEF86F27A9BE6100A60E05 /* ImageTableViewCell.swift */,
				45BEF87127A9FB3400A60E05 /* GraficaTableViewCell.swift */,
				45BEF87827AAEC7200A60E05 /* PieChartTableViewCell.swift */,
				45BEF87E27AB425400A60E05 /* SendImageTableViewCell.swift */,
			);
			path = views;
			sourceTree = "<group>";
		};
		45BEF86727A9B3F900A60E05 /* controllers */ = {
			isa = PBXGroup;
			children = (
				45BEF86827A9B41700A60E05 /* GeneralTableViewController.swift */,
				45BEF87627AAE9F900A60E05 /* GraficasTableViewController.swift */,
			);
			path = controllers;
			sourceTree = "<group>";
		};
		45BEF86A27A9B93400A60E05 /* aux */ = {
			isa = PBXGroup;
			children = (
				45BEF86B27A9B96E00A60E05 /* CameraOptions.storyboard */,
				45BEF86D27A9BA8000A60E05 /* CameraOptionsViewController.swift */,
			);
			path = aux;
			sourceTree = "<group>";
		};
		45BEF87327A9FED100A60E05 /* models */ = {
			isa = PBXGroup;
			children = (
				45BEF87427A9FEE900A60E05 /* Model.swift */,
			);
			path = models;
			sourceTree = "<group>";
		};
		506C7D057F7D09594253292C /* Pods */ = {
			isa = PBXGroup;
			children = (
				366828EB029FCB02CC2A7FCB /* Pods-ExiOS.debug.xcconfig */,
				3024DD144792D6BA8A7C62A8 /* Pods-ExiOS.release.xcconfig */,
				5AD5B8A9101C23D0A6CDB9A9 /* Pods-ExiOS-ExiOSUITests.debug.xcconfig */,
				4A9BF4F8875D87C6AD9DC8F7 /* Pods-ExiOS-ExiOSUITests.release.xcconfig */,
				C5DF36142090E268DFFD4EC5 /* Pods-ExiOSTests.debug.xcconfig */,
				A7A00A0CE8BBD3E3DAAB6A60 /* Pods-ExiOSTests.release.xcconfig */,
			);
			path = Pods;
			sourceTree = "<group>";
		};
		54A15C7C942592F47DCC6BB9 /* Frameworks */ = {
			isa = PBXGroup;
			children = (
				D63052D0B51ABD381498C794 /* Pods_ExiOS.framework */,
				F68DF8F0E00D790945A53F5A /* Pods_ExiOS_ExiOSUITests.framework */,
				83D66AE91EFD953B6DEFCC25 /* Pods_ExiOSTests.framework */,
			);
			name = Frameworks;
			sourceTree = "<group>";
		};
/* End PBXGroup section */

/* Begin PBXNativeTarget section */
		45BEF82E27A9A44E00A60E05 /* ExiOS */ = {
			isa = PBXNativeTarget;
			buildConfigurationList = 45BEF85927A9A45100A60E05 /* Build configuration list for PBXNativeTarget "ExiOS" */;
			buildPhases = (
				72103AFE96D6353AF9C0309C /* [CP] Check Pods Manifest.lock */,
				45BEF82B27A9A44E00A60E05 /* Sources */,
				45BEF82C27A9A44E00A60E05 /* Frameworks */,
				45BEF82D27A9A44E00A60E05 /* Resources */,
				39775AA341A395E3A5F7EDB7 /* [CP] Embed Pods Frameworks */,
			);
			buildRules = (
			);
			dependencies = (
			);
			name = ExiOS;
			productName = ExiOS;
			productReference = 45BEF82F27A9A44E00A60E05 /* ExiOS.app */;
			productType = "com.apple.product-type.application";
		};
		45BEF84427A9A45000A60E05 /* ExiOSTests */ = {
			isa = PBXNativeTarget;
			buildConfigurationList = 45BEF85C27A9A45100A60E05 /* Build configuration list for PBXNativeTarget "ExiOSTests" */;
			buildPhases = (
				BB8673514EBAFEF3B0A9A995 /* [CP] Check Pods Manifest.lock */,
				45BEF84127A9A45000A60E05 /* Sources */,
				45BEF84227A9A45000A60E05 /* Frameworks */,
				45BEF84327A9A45000A60E05 /* Resources */,
			);
			buildRules = (
			);
			dependencies = (
				45BEF84727A9A45000A60E05 /* PBXTargetDependency */,
			);
			name = ExiOSTests;
			productName = ExiOSTests;
			productReference = 45BEF84527A9A45000A60E05 /* ExiOSTests.xctest */;
			productType = "com.apple.product-type.bundle.unit-test";
		};
		45BEF84E27A9A45100A60E05 /* ExiOSUITests */ = {
			isa = PBXNativeTarget;
			buildConfigurationList = 45BEF85F27A9A45100A60E05 /* Build configuration list for PBXNativeTarget "ExiOSUITests" */;
			buildPhases = (
				87FA9DF45AEB7E57B152BADA /* [CP] Check Pods Manifest.lock */,
				45BEF84B27A9A45100A60E05 /* Sources */,
				45BEF84C27A9A45100A60E05 /* Frameworks */,
				45BEF84D27A9A45100A60E05 /* Resources */,
				7BC9DCAED0EB16472E24A4BC /* [CP] Embed Pods Frameworks */,
			);
			buildRules = (
			);
			dependencies = (
				45BEF85127A9A45100A60E05 /* PBXTargetDependency */,
			);
			name = ExiOSUITests;
			productName = ExiOSUITests;
			productReference = 45BEF84F27A9A45100A60E05 /* ExiOSUITests.xctest */;
			productType = "com.apple.product-type.bundle.ui-testing";
		};
/* End PBXNativeTarget section */

/* Begin PBXProject section */
		45BEF82727A9A44E00A60E05 /* Project object */ = {
			isa = PBXProject;
			attributes = {
				BuildIndependentTargetsInParallel = 1;
				LastSwiftUpdateCheck = 1310;
				LastUpgradeCheck = 1310;
				TargetAttributes = {
					45BEF82E27A9A44E00A60E05 = {
						CreatedOnToolsVersion = 13.1;
					};
					45BEF84427A9A45000A60E05 = {
						CreatedOnToolsVersion = 13.1;
						TestTargetID = 45BEF82E27A9A44E00A60E05;
					};
					45BEF84E27A9A45100A60E05 = {
						CreatedOnToolsVersion = 13.1;
						TestTargetID = 45BEF82E27A9A44E00A60E05;
					};
				};
			};
			buildConfigurationList = 45BEF82A27A9A44E00A60E05 /* Build configuration list for PBXProject "ExiOS" */;
			compatibilityVersion = "Xcode 13.0";
			developmentRegion = en;
			hasScannedForEncodings = 0;
			knownRegions = (
				en,
				Base,
			);
			mainGroup = 45BEF82627A9A44E00A60E05;
			productRefGroup = 45BEF83027A9A44E00A60E05 /* Products */;
			projectDirPath = "";
			projectRoot = "";
			targets = (
				45BEF82E27A9A44E00A60E05 /* ExiOS */,
				45BEF84427A9A45000A60E05 /* ExiOSTests */,
				45BEF84E27A9A45100A60E05 /* ExiOSUITests */,
			);
		};
/* End PBXProject section */

/* Begin PBXResourcesBuildPhase section */
		45BEF82D27A9A44E00A60E05 /* Resources */ = {
			isa = PBXResourcesBuildPhase;
			buildActionMask = 2147483647;
			files = (
				45BEF83F27A9A45000A60E05 /* LaunchScreen.storyboard in Resources */,
				45BEF86327A9AC1200A60E05 /* GoogleService-Info.plist in Resources */,
				45BEF83C27A9A45000A60E05 /* Assets.xcassets in Resources */,
				45BEF86C27A9B96E00A60E05 /* CameraOptions.storyboard in Resources */,
				45BEF83A27A9A44E00A60E05 /* Main.storyboard in Resources */,
			);
			runOnlyForDeploymentPostprocessing = 0;
		};
		45BEF84327A9A45000A60E05 /* Resources */ = {
			isa = PBXResourcesBuildPhase;
			buildActionMask = 2147483647;
			files = (
			);
			runOnlyForDeploymentPostprocessing = 0;
		};
		45BEF84D27A9A45100A60E05 /* Resources */ = {
			isa = PBXResourcesBuildPhase;
			buildActionMask = 2147483647;
			files = (
			);
			runOnlyForDeploymentPostprocessing = 0;
		};
/* End PBXResourcesBuildPhase section */

/* Begin PBXShellScriptBuildPhase section */
		39775AA341A395E3A5F7EDB7 /* [CP] Embed Pods Frameworks */ = {
			isa = PBXShellScriptBuildPhase;
			buildActionMask = 2147483647;
			files = (
			);
			inputFileListPaths = (
				"${PODS_ROOT}/Target Support Files/Pods-ExiOS/Pods-ExiOS-frameworks-${CONFIGURATION}-input-files.xcfilelist",
			);
			name = "[CP] Embed Pods Frameworks";
			outputFileListPaths = (
				"${PODS_ROOT}/Target Support Files/Pods-ExiOS/Pods-ExiOS-frameworks-${CONFIGURATION}-output-files.xcfilelist",
			);
			runOnlyForDeploymentPostprocessing = 0;
			shellPath = /bin/sh;
			shellScript = "\"${PODS_ROOT}/Target Support Files/Pods-ExiOS/Pods-ExiOS-frameworks.sh\"\n";
			showEnvVarsInLog = 0;
		};
		72103AFE96D6353AF9C0309C /* [CP] Check Pods Manifest.lock */ = {
			isa = PBXShellScriptBuildPhase;
			buildActionMask = 2147483647;
			files = (
			);
			inputFileListPaths = (
			);
			inputPaths = (
				"${PODS_PODFILE_DIR_PATH}/Podfile.lock",
				"${PODS_ROOT}/Manifest.lock",
			);
			name = "[CP] Check Pods Manifest.lock";
			outputFileListPaths = (
			);
			outputPaths = (
				"$(DERIVED_FILE_DIR)/Pods-ExiOS-checkManifestLockResult.txt",
			);
			runOnlyForDeploymentPostprocessing = 0;
			shellPath = /bin/sh;
			shellScript = "diff \"${PODS_PODFILE_DIR_PATH}/Podfile.lock\" \"${PODS_ROOT}/Manifest.lock\" > /dev/null\nif [ $? != 0 ] ; then\n    # print error to STDERR\n    echo \"error: The sandbox is not in sync with the Podfile.lock. Run 'pod install' or update your CocoaPods installation.\" >&2\n    exit 1\nfi\n# This output is used by Xcode 'outputs' to avoid re-running this script phase.\necho \"SUCCESS\" > \"${SCRIPT_OUTPUT_FILE_0}\"\n";
			showEnvVarsInLog = 0;
		};
		7BC9DCAED0EB16472E24A4BC /* [CP] Embed Pods Frameworks */ = {
			isa = PBXShellScriptBuildPhase;
			buildActionMask = 2147483647;
			files = (
			);
			inputFileListPaths = (
				"${PODS_ROOT}/Target Support Files/Pods-ExiOS-ExiOSUITests/Pods-ExiOS-ExiOSUITests-frameworks-${CONFIGURATION}-input-files.xcfilelist",
			);
			name = "[CP] Embed Pods Frameworks";
			outputFileListPaths = (
				"${PODS_ROOT}/Target Support Files/Pods-ExiOS-ExiOSUITests/Pods-ExiOS-ExiOSUITests-frameworks-${CONFIGURATION}-output-files.xcfilelist",
			);
			runOnlyForDeploymentPostprocessing = 0;
			shellPath = /bin/sh;
			shellScript = "\"${PODS_ROOT}/Target Support Files/Pods-ExiOS-ExiOSUITests/Pods-ExiOS-ExiOSUITests-frameworks.sh\"\n";
			showEnvVarsInLog = 0;
		};
		87FA9DF45AEB7E57B152BADA /* [CP] Check Pods Manifest.lock */ = {
			isa = PBXShellScriptBuildPhase;
			buildActionMask = 2147483647;
			files = (
			);
			inputFileListPaths = (
			);
			inputPaths = (
				"${PODS_PODFILE_DIR_PATH}/Podfile.lock",
				"${PODS_ROOT}/Manifest.lock",
			);
			name = "[CP] Check Pods Manifest.lock";
			outputFileListPaths = (
			);
			outputPaths = (
				"$(DERIVED_FILE_DIR)/Pods-ExiOS-ExiOSUITests-checkManifestLockResult.txt",
			);
			runOnlyForDeploymentPostprocessing = 0;
			shellPath = /bin/sh;
			shellScript = "diff \"${PODS_PODFILE_DIR_PATH}/Podfile.lock\" \"${PODS_ROOT}/Manifest.lock\" > /dev/null\nif [ $? != 0 ] ; then\n    # print error to STDERR\n    echo \"error: The sandbox is not in sync with the Podfile.lock. Run 'pod install' or update your CocoaPods installation.\" >&2\n    exit 1\nfi\n# This output is used by Xcode 'outputs' to avoid re-running this script phase.\necho \"SUCCESS\" > \"${SCRIPT_OUTPUT_FILE_0}\"\n";
			showEnvVarsInLog = 0;
		};
		BB8673514EBAFEF3B0A9A995 /* [CP] Check Pods Manifest.lock */ = {
			isa = PBXShellScriptBuildPhase;
			buildActionMask = 2147483647;
			files = (
			);
			inputFileListPaths = (
			);
			inputPaths = (
				"${PODS_PODFILE_DIR_PATH}/Podfile.lock",
				"${PODS_ROOT}/Manifest.lock",
			);
			name = "[CP] Check Pods Manifest.lock";
			outputFileListPaths = (
			);
			outputPaths = (
				"$(DERIVED_FILE_DIR)/Pods-ExiOSTests-checkManifestLockResult.txt",
			);
			runOnlyForDeploymentPostprocessing = 0;
			shellPath = /bin/sh;
			shellScript = "diff \"${PODS_PODFILE_DIR_PATH}/Podfile.lock\" \"${PODS_ROOT}/Manifest.lock\" > /dev/null\nif [ $? != 0 ] ; then\n    # print error to STDERR\n    echo \"error: The sandbox is not in sync with the Podfile.lock. Run 'pod install' or update your CocoaPods installation.\" >&2\n    exit 1\nfi\n# This output is used by Xcode 'outputs' to avoid re-running this script phase.\necho \"SUCCESS\" > \"${SCRIPT_OUTPUT_FILE_0}\"\n";
			showEnvVarsInLog = 0;
		};
/* End PBXShellScriptBuildPhase section */

/* Begin PBXSourcesBuildPhase section */
		45BEF82B27A9A44E00A60E05 /* Sources */ = {
			isa = PBXSourcesBuildPhase;
			buildActionMask = 2147483647;
			files = (
				45BEF87527A9FEE900A60E05 /* Model.swift in Sources */,
				45BEF87D27AB149500A60E05 /* lib.swift in Sources */,
				45BEF87027A9BE6100A60E05 /* ImageTableViewCell.swift in Sources */,
				45BEF87F27AB425400A60E05 /* SendImageTableViewCell.swift in Sources */,
				45BEF83727A9A44E00A60E05 /* ViewController.swift in Sources */,
				45BEF83327A9A44E00A60E05 /* AppDelegate.swift in Sources */,
				45BEF86627A9AF9100A60E05 /* NameTableViewCell.swift in Sources */,
				45BEF87727AAE9F900A60E05 /* GraficasTableViewController.swift in Sources */,
				45BEF86927A9B41700A60E05 /* GeneralTableViewController.swift in Sources */,
				45BEF87227A9FB3400A60E05 /* GraficaTableViewCell.swift in Sources */,
				45BEF86E27A9BA8000A60E05 /* CameraOptionsViewController.swift in Sources */,
				45BEF87927AAEC7200A60E05 /* PieChartTableViewCell.swift in Sources */,
				45BEF83527A9A44E00A60E05 /* SceneDelegate.swift in Sources */,
			);
			runOnlyForDeploymentPostprocessing = 0;
		};
		45BEF84127A9A45000A60E05 /* Sources */ = {
			isa = PBXSourcesBuildPhase;
			buildActionMask = 2147483647;
			files = (
				45BEF84A27A9A45000A60E05 /* ExiOSTests.swift in Sources */,
			);
			runOnlyForDeploymentPostprocessing = 0;
		};
		45BEF84B27A9A45100A60E05 /* Sources */ = {
			isa = PBXSourcesBuildPhase;
			buildActionMask = 2147483647;
			files = (
				45BEF85427A9A45100A60E05 /* ExiOSUITests.swift in Sources */,
				45BEF85627A9A45100A60E05 /* ExiOSUITestsLaunchTests.swift in Sources */,
			);
			runOnlyForDeploymentPostprocessing = 0;
		};
/* End PBXSourcesBuildPhase section */

/* Begin PBXTargetDependency section */
		45BEF84727A9A45000A60E05 /* PBXTargetDependency */ = {
			isa = PBXTargetDependency;
			target = 45BEF82E27A9A44E00A60E05 /* ExiOS */;
			targetProxy = 45BEF84627A9A45000A60E05 /* PBXContainerItemProxy */;
		};
		45BEF85127A9A45100A60E05 /* PBXTargetDependency */ = {
			isa = PBXTargetDependency;
			target = 45BEF82E27A9A44E00A60E05 /* ExiOS */;
			targetProxy = 45BEF85027A9A45100A60E05 /* PBXContainerItemProxy */;
		};
/* End PBXTargetDependency section */

/* Begin PBXVariantGroup section */
		45BEF83827A9A44E00A60E05 /* Main.storyboard */ = {
			isa = PBXVariantGroup;
			children = (
				45BEF83927A9A44E00A60E05 /* Base */,
			);
			name = Main.storyboard;
			sourceTree = "<group>";
		};
		45BEF83D27A9A45000A60E05 /* LaunchScreen.storyboard */ = {
			isa = PBXVariantGroup;
			children = (
				45BEF83E27A9A45000A60E05 /* Base */,
			);
			name = LaunchScreen.storyboard;
			sourceTree = "<group>";
		};
/* End PBXVariantGroup section */

/* Begin XCBuildConfiguration section */
		45BEF85727A9A45100A60E05 /* Debug */ = {
			isa = XCBuildConfiguration;
			buildSettings = {
				ALWAYS_SEARCH_USER_PATHS = NO;
				CLANG_ANALYZER_NONNULL = YES;
				CLANG_ANALYZER_NUMBER_OBJECT_CONVERSION = YES_AGGRESSIVE;
				CLANG_CXX_LANGUAGE_STANDARD = "gnu++17";
				CLANG_CXX_LIBRARY = "libc++";
				CLANG_ENABLE_MODULES = YES;
				CLANG_ENABLE_OBJC_ARC = YES;
				CLANG_ENABLE_OBJC_WEAK = YES;
				CLANG_WARN_BLOCK_CAPTURE_AUTORELEASING = YES;
				CLANG_WARN_BOOL_CONVERSION = YES;
				CLANG_WARN_COMMA = YES;
				CLANG_WARN_CONSTANT_CONVERSION = YES;
				CLANG_WARN_DEPRECATED_OBJC_IMPLEMENTATIONS = YES;
				CLANG_WARN_DIRECT_OBJC_ISA_USAGE = YES_ERROR;
				CLANG_WARN_DOCUMENTATION_COMMENTS = YES;
				CLANG_WARN_EMPTY_BODY = YES;
				CLANG_WARN_ENUM_CONVERSION = YES;
				CLANG_WARN_INFINITE_RECURSION = YES;
				CLANG_WARN_INT_CONVERSION = YES;
				CLANG_WARN_NON_LITERAL_NULL_CONVERSION = YES;
				CLANG_WARN_OBJC_IMPLICIT_RETAIN_SELF = YES;
				CLANG_WARN_OBJC_LITERAL_CONVERSION = YES;
				CLANG_WARN_OBJC_ROOT_CLASS = YES_ERROR;
				CLANG_WARN_QUOTED_INCLUDE_IN_FRAMEWORK_HEADER = YES;
				CLANG_WARN_RANGE_LOOP_ANALYSIS = YES;
				CLANG_WARN_STRICT_PROTOTYPES = YES;
				CLANG_WARN_SUSPICIOUS_MOVE = YES;
				CLANG_WARN_UNGUARDED_AVAILABILITY = YES_AGGRESSIVE;
				CLANG_WARN_UNREACHABLE_CODE = YES;
				CLANG_WARN__DUPLICATE_METHOD_MATCH = YES;
				COPY_PHASE_STRIP = NO;
				DEBUG_INFORMATION_FORMAT = dwarf;
				ENABLE_STRICT_OBJC_MSGSEND = YES;
				ENABLE_TESTABILITY = YES;
				GCC_C_LANGUAGE_STANDARD = gnu11;
				GCC_DYNAMIC_NO_PIC = NO;
				GCC_NO_COMMON_BLOCKS = YES;
				GCC_OPTIMIZATION_LEVEL = 0;
				GCC_PREPROCESSOR_DEFINITIONS = (
					"DEBUG=1",
					"$(inherited)",
				);
				GCC_WARN_64_TO_32_BIT_CONVERSION = YES;
				GCC_WARN_ABOUT_RETURN_TYPE = YES_ERROR;
				GCC_WARN_UNDECLARED_SELECTOR = YES;
				GCC_WARN_UNINITIALIZED_AUTOS = YES_AGGRESSIVE;
				GCC_WARN_UNUSED_FUNCTION = YES;
				GCC_WARN_UNUSED_VARIABLE = YES;
				IPHONEOS_DEPLOYMENT_TARGET = 15.0;
				MTL_ENABLE_DEBUG_INFO = INCLUDE_SOURCE;
				MTL_FAST_MATH = YES;
				ONLY_ACTIVE_ARCH = YES;
				SDKROOT = iphoneos;
				SWIFT_ACTIVE_COMPILATION_CONDITIONS = DEBUG;
				SWIFT_OPTIMIZATION_LEVEL = "-Onone";
			};
			name = Debug;
		};
		45BEF85827A9A45100A60E05 /* Release */ = {
			isa = XCBuildConfiguration;
			buildSettings = {
				ALWAYS_SEARCH_USER_PATHS = NO;
				CLANG_ANALYZER_NONNULL = YES;
				CLANG_ANALYZER_NUMBER_OBJECT_CONVERSION = YES_AGGRESSIVE;
				CLANG_CXX_LANGUAGE_STANDARD = "gnu++17";
				CLANG_CXX_LIBRARY = "libc++";
				CLANG_ENABLE_MODULES = YES;
				CLANG_ENABLE_OBJC_ARC = YES;
				CLANG_ENABLE_OBJC_WEAK = YES;
				CLANG_WARN_BLOCK_CAPTURE_AUTORELEASING = YES;
				CLANG_WARN_BOOL_CONVERSION = YES;
				CLANG_WARN_COMMA = YES;
				CLANG_WARN_CONSTANT_CONVERSION = YES;
				CLANG_WARN_DEPRECATED_OBJC_IMPLEMENTATIONS = YES;
				CLANG_WARN_DIRECT_OBJC_ISA_USAGE = YES_ERROR;
				CLANG_WARN_DOCUMENTATION_COMMENTS = YES;
				CLANG_WARN_EMPTY_BODY = YES;
				CLANG_WARN_ENUM_CONVERSION = YES;
				CLANG_WARN_INFINITE_RECURSION = YES;
				CLANG_WARN_INT_CONVERSION = YES;
				CLANG_WARN_NON_LITERAL_NULL_CONVERSION = YES;
				CLANG_WARN_OBJC_IMPLICIT_RETAIN_SELF = YES;
				CLANG_WARN_OBJC_LITERAL_CONVERSION = YES;
				CLANG_WARN_OBJC_ROOT_CLASS = YES_ERROR;
				CLANG_WARN_QUOTED_INCLUDE_IN_FRAMEWORK_HEADER = YES;
				CLANG_WARN_RANGE_LOOP_ANALYSIS = YES;
				CLANG_WARN_STRICT_PROTOTYPES = YES;
				CLANG_WARN_SUSPICIOUS_MOVE = YES;
				CLANG_WARN_UNGUARDED_AVAILABILITY = YES_AGGRESSIVE;
				CLANG_WARN_UNREACHABLE_CODE = YES;
				CLANG_WARN__DUPLICATE_METHOD_MATCH = YES;
				COPY_PHASE_STRIP = NO;
				DEBUG_INFORMATION_FORMAT = "dwarf-with-dsym";
				ENABLE_NS_ASSERTIONS = NO;
				ENABLE_STRICT_OBJC_MSGSEND = YES;
				GCC_C_LANGUAGE_STANDARD = gnu11;
				GCC_NO_COMMON_BLOCKS = YES;
				GCC_WARN_64_TO_32_BIT_CONVERSION = YES;
				GCC_WARN_ABOUT_RETURN_TYPE = YES_ERROR;
				GCC_WARN_UNDECLARED_SELECTOR = YES;
				GCC_WARN_UNINITIALIZED_AUTOS = YES_AGGRESSIVE;
				GCC_WARN_UNUSED_FUNCTION = YES;
				GCC_WARN_UNUSED_VARIABLE = YES;
				IPHONEOS_DEPLOYMENT_TARGET = 15.0;
				MTL_ENABLE_DEBUG_INFO = NO;
				MTL_FAST_MATH = YES;
				SDKROOT = iphoneos;
				SWIFT_COMPILATION_MODE = wholemodule;
				SWIFT_OPTIMIZATION_LEVEL = "-O";
				VALIDATE_PRODUCT = YES;
			};
			name = Release;
		};
		45BEF85A27A9A45100A60E05 /* Debug */ = {
			isa = XCBuildConfiguration;
			baseConfigurationReference = 366828EB029FCB02CC2A7FCB /* Pods-ExiOS.debug.xcconfig */;
			buildSettings = {
				ASSETCATALOG_COMPILER_APPICON_NAME = AppIcon;
				ASSETCATALOG_COMPILER_GLOBAL_ACCENT_COLOR_NAME = AccentColor;
				CODE_SIGN_STYLE = Automatic;
				CURRENT_PROJECT_VERSION = 1;
				DEVELOPMENT_TEAM = CEVBVGLASL;
				GENERATE_INFOPLIST_FILE = YES;
				INFOPLIST_FILE = ExiOS/Info.plist;
				INFOPLIST_KEY_UIApplicationSupportsIndirectInputEvents = YES;
				INFOPLIST_KEY_UILaunchStoryboardName = LaunchScreen;
				INFOPLIST_KEY_UIMainStoryboardFile = Main;
				INFOPLIST_KEY_UISupportedInterfaceOrientations = UIInterfaceOrientationPortrait;
				INFOPLIST_KEY_UISupportedInterfaceOrientations_iPad = "UIInterfaceOrientationPortrait UIInterfaceOrientationPortraitUpsideDown UIInterfaceOrientationLandscapeLeft UIInterfaceOrientationLandscapeRight";
				INFOPLIST_KEY_UISupportedInterfaceOrientations_iPhone = "UIInterfaceOrientationPortrait UIInterfaceOrientationLandscapeLeft UIInterfaceOrientationLandscapeRight";
				LD_RUNPATH_SEARCH_PATHS = (
					"$(inherited)",
					"@executable_path/Frameworks",
				);
				MARKETING_VERSION = 1.0;
				PRODUCT_BUNDLE_IDENTIFIER = com.hfrq.ExiOS;
				PRODUCT_NAME = "$(TARGET_NAME)";
				SWIFT_EMIT_LOC_STRINGS = YES;
				SWIFT_VERSION = 5.0;
				TARGETED_DEVICE_FAMILY = 1;
			};
			name = Debug;
		};
		45BEF85B27A9A45100A60E05 /* Release */ = {
			isa = XCBuildConfiguration;
			baseConfigurationReference = 3024DD144792D6BA8A7C62A8 /* Pods-ExiOS.release.xcconfig */;
			buildSettings = {
				ASSETCATALOG_COMPILER_APPICON_NAME = AppIcon;
				ASSETCATALOG_COMPILER_GLOBAL_ACCENT_COLOR_NAME = AccentColor;
				CODE_SIGN_STYLE = Automatic;
				CURRENT_PROJECT_VERSION = 1;
				DEVELOPMENT_TEAM = CEVBVGLASL;
				GENERATE_INFOPLIST_FILE = YES;
				INFOPLIST_FILE = ExiOS/Info.plist;
				INFOPLIST_KEY_UIApplicationSupportsIndirectInputEvents = YES;
				INFOPLIST_KEY_UILaunchStoryboardName = LaunchScreen;
				INFOPLIST_KEY_UIMainStoryboardFile = Main;
				INFOPLIST_KEY_UISupportedInterfaceOrientations = UIInterfaceOrientationPortrait;
				INFOPLIST_KEY_UISupportedInterfaceOrientations_iPad = "UIInterfaceOrientationPortrait UIInterfaceOrientationPortraitUpsideDown UIInterfaceOrientationLandscapeLeft UIInterfaceOrientationLandscapeRight";
				INFOPLIST_KEY_UISupportedInterfaceOrientations_iPhone = "UIInterfaceOrientationPortrait UIInterfaceOrientationLandscapeLeft UIInterfaceOrientationLandscapeRight";
				LD_RUNPATH_SEARCH_PATHS = (
					"$(inherited)",
					"@executable_path/Frameworks",
				);
				MARKETING_VERSION = 1.0;
				PRODUCT_BUNDLE_IDENTIFIER = com.hfrq.ExiOS;
				PRODUCT_NAME = "$(TARGET_NAME)";
				SWIFT_EMIT_LOC_STRINGS = YES;
				SWIFT_VERSION = 5.0;
				TARGETED_DEVICE_FAMILY = 1;
			};
			name = Release;
		};
		45BEF85D27A9A45100A60E05 /* Debug */ = {
			isa = XCBuildConfiguration;
			baseConfigurationReference = C5DF36142090E268DFFD4EC5 /* Pods-ExiOSTests.debug.xcconfig */;
			buildSettings = {
				ALWAYS_EMBED_SWIFT_STANDARD_LIBRARIES = YES;
				BUNDLE_LOADER = "$(TEST_HOST)";
				CODE_SIGN_STYLE = Automatic;
				CURRENT_PROJECT_VERSION = 1;
				GENERATE_INFOPLIST_FILE = YES;
				IPHONEOS_DEPLOYMENT_TARGET = 15.0;
				LD_RUNPATH_SEARCH_PATHS = (
					"$(inherited)",
					"@executable_path/Frameworks",
					"@loader_path/Frameworks",
				);
				MARKETING_VERSION = 1.0;
				PRODUCT_BUNDLE_IDENTIFIER = com.hfrq.ExiOSTests;
				PRODUCT_NAME = "$(TARGET_NAME)";
				SWIFT_EMIT_LOC_STRINGS = NO;
				SWIFT_VERSION = 5.0;
				TARGETED_DEVICE_FAMILY = "1,2";
				TEST_HOST = "$(BUILT_PRODUCTS_DIR)/ExiOS.app/ExiOS";
			};
			name = Debug;
		};
		45BEF85E27A9A45100A60E05 /* Release */ = {
			isa = XCBuildConfiguration;
			baseConfigurationReference = A7A00A0CE8BBD3E3DAAB6A60 /* Pods-ExiOSTests.release.xcconfig */;
			buildSettings = {
				ALWAYS_EMBED_SWIFT_STANDARD_LIBRARIES = YES;
				BUNDLE_LOADER = "$(TEST_HOST)";
				CODE_SIGN_STYLE = Automatic;
				CURRENT_PROJECT_VERSION = 1;
				GENERATE_INFOPLIST_FILE = YES;
				IPHONEOS_DEPLOYMENT_TARGET = 15.0;
				LD_RUNPATH_SEARCH_PATHS = (
					"$(inherited)",
					"@executable_path/Frameworks",
					"@loader_path/Frameworks",
				);
				MARKETING_VERSION = 1.0;
				PRODUCT_BUNDLE_IDENTIFIER = com.hfrq.ExiOSTests;
				PRODUCT_NAME = "$(TARGET_NAME)";
				SWIFT_EMIT_LOC_STRINGS = NO;
				SWIFT_VERSION = 5.0;
				TARGETED_DEVICE_FAMILY = "1,2";
				TEST_HOST = "$(BUILT_PRODUCTS_DIR)/ExiOS.app/ExiOS";
			};
			name = Release;
		};
		45BEF86027A9A45100A60E05 /* Debug */ = {
			isa = XCBuildConfiguration;
			baseConfigurationReference = 5AD5B8A9101C23D0A6CDB9A9 /* Pods-ExiOS-ExiOSUITests.debug.xcconfig */;
			buildSettings = {
				ALWAYS_EMBED_SWIFT_STANDARD_LIBRARIES = YES;
				CODE_SIGN_STYLE = Automatic;
				CURRENT_PROJECT_VERSION = 1;
				GENERATE_INFOPLIST_FILE = YES;
				LD_RUNPATH_SEARCH_PATHS = (
					"$(inherited)",
					"@executable_path/Frameworks",
					"@loader_path/Frameworks",
				);
				MARKETING_VERSION = 1.0;
				PRODUCT_BUNDLE_IDENTIFIER = com.hfrq.ExiOSUITests;
				PRODUCT_NAME = "$(TARGET_NAME)";
				SWIFT_EMIT_LOC_STRINGS = NO;
				SWIFT_VERSION = 5.0;
				TARGETED_DEVICE_FAMILY = "1,2";
				TEST_TARGET_NAME = ExiOS;
			};
			name = Debug;
		};
		45BEF86127A9A45100A60E05 /* Release */ = {
			isa = XCBuildConfiguration;
			baseConfigurationReference = 4A9BF4F8875D87C6AD9DC8F7 /* Pods-ExiOS-ExiOSUITests.release.xcconfig */;
			buildSettings = {
				ALWAYS_EMBED_SWIFT_STANDARD_LIBRARIES = YES;
				CODE_SIGN_STYLE = Automatic;
				CURRENT_PROJECT_VERSION = 1;
				GENERATE_INFOPLIST_FILE = YES;
				LD_RUNPATH_SEARCH_PATHS = (
					"$(inherited)",
					"@executable_path/Frameworks",
					"@loader_path/Frameworks",
				);
				MARKETING_VERSION = 1.0;
				PRODUCT_BUNDLE_IDENTIFIER = com.hfrq.ExiOSUITests;
				PRODUCT_NAME = "$(TARGET_NAME)";
				SWIFT_EMIT_LOC_STRINGS = NO;
				SWIFT_VERSION = 5.0;
				TARGETED_DEVICE_FAMILY = "1,2";
				TEST_TARGET_NAME = ExiOS;
			};
			name = Release;
		};
/* End XCBuildConfiguration section */

/* Begin XCConfigurationList section */
		45BEF82A27A9A44E00A60E05 /* Build configuration list for PBXProject "ExiOS" */ = {
			isa = XCConfigurationList;
			buildConfigurations = (
				45BEF85727A9A45100A60E05 /* Debug */,
				45BEF85827A9A45100A60E05 /* Release */,
			);
			defaultConfigurationIsVisible = 0;
			defaultConfigurationName = Release;
		};
		45BEF85927A9A45100A60E05 /* Build configuration list for PBXNativeTarget "ExiOS" */ = {
			isa = XCConfigurationList;
			buildConfigurations = (
				45BEF85A27A9A45100A60E05 /* Debug */,
				45BEF85B27A9A45100A60E05 /* Release */,
			);
			defaultConfigurationIsVisible = 0;
			defaultConfigurationName = Release;
		};
		45BEF85C27A9A45100A60E05 /* Build configuration list for PBXNativeTarget "ExiOSTests" */ = {
			isa = XCConfigurationList;
			buildConfigurations = (
				45BEF85D27A9A45100A60E05 /* Debug */,
				45BEF85E27A9A45100A60E05 /* Release */,
			);
			defaultConfigurationIsVisible = 0;
			defaultConfigurationName = Release;
		};
		45BEF85F27A9A45100A60E05 /* Build configuration list for PBXNativeTarget "ExiOSUITests" */ = {
			isa = XCConfigurationList;
			buildConfigurations = (
				45BEF86027A9A45100A60E05 /* Debug */,
				45BEF86127A9A45100A60E05 /* Release */,
			);
			defaultConfigurationIsVisible = 0;
			defaultConfigurationName = Release;
		};
/* End XCConfigurationList section */
	};
	rootObject = 45BEF82727A9A44E00A60E05 /* Project object */;
}
